
Microsoft Visual Studio Solution File, Format Version 12.00
# Visual Studio 14
VisualStudioVersion = 14.0.24720.0
MinimumVisualStudioVersion = 10.0.40219.1
Project("{FAE04EC0-301F-11D3-BF4B-00C04F79EFBC}") = "Youtube Beta", "Youtube Beta\Youtube Beta.csproj", "{BB45A079-98E8-43EC-8491-39B7A0D40FAC}"
EndProject
Global
	GlobalSection(SolutionConfigurationPlatforms) = preSolution
		Debug|Any CPU = Debug|Any CPU
		Debug|x64 = Debug|x64
		Release|Any CPU = Release|Any CPU
		Release|x64 = Release|x64
	EndGlobalSection
	GlobalSection(ProjectConfigurationPlatforms) = postSolution
		{BB45A079-98E8-43EC-8491-39B7A0D40FAC}.Debug|Any CPU.ActiveCfg = Debug|Any CPU
		{BB45A079-98E8-43EC-8491-39B7A0D40FAC}.Debug|Any CPU.Build.0 = Debug|Any CPU
		{BB45A079-98E8-43EC-8491-39B7A0D40FAC}.Debug|x64.ActiveCfg = Debug|x64
		{BB45A079-98E8-43EC-8491-39B7A0D40FAC}.Debug|x64.Build.0 = Debug|x64
		{BB45A079-98E8-43EC-8491-39B7A0D40FAC}.Release|Any CPU.ActiveCfg = Release|Any CPU
		{BB45A079-98E8-43EC-8491-39B7A0D40FAC}.Release|Any CPU.Build.0 = Release|Any CPU
		{BB45A079-98E8-43EC-8491-39B7A0D40FAC}.Release|x64.ActiveCfg = Release|x64
		{BB45A079-98E8-43EC-8491-39B7A0D40FAC}.Release|x64.Build.0 = Release|x64
	EndGlobalSection
	GlobalSection(SolutionProperties) = preSolution
		HideSolutionNode = FALSE
	EndGlobalSection
EndGlobal
